
Microsoft Visual Studio Solution File, Format Version 12.00
# Visual Studio Version 17
VisualStudioVersion = 17.14.36518.9
MinimumVisualStudioVersion = 10.0.40219.1
Project("{FAE04EC0-301F-11D3-BF4B-00C04F79EFBC}") = "HM.GUI", "HM.GUI.csproj", "{659E84A0-526A-4EF5-8BB8-5D5B3A83AE10}"
EndProject
Project("{FAE04EC0-301F-11D3-BF4B-00C04F79EFBC}") = "BUS", "..\BUS\BUS.csproj", "{7FC35F3F-87B7-3EFC-36A8-6E23CCE435A4}"
EndProject
Project("{FAE04EC0-301F-11D3-BF4B-00C04F79EFBC}") = "DAO", "..\DAO\DAO.csproj", "{0FDDE80D-F002-33C2-8F52-28B597CDB1DC}"
EndProject
Project("{FAE04EC0-301F-11D3-BF4B-00C04F79EFBC}") = "GUI", "..\GUI\GUI.csproj", "{331C3F4E-8733-E400-3E1D-8EEB6AF06A19}"
EndProject
Project("{FAE04EC0-301F-11D3-BF4B-00C04F79EFBC}") = "Utils", "..\Utils\Utils.csproj", "{E9D8CB20-C9C2-4720-9B40-90D893BD52EC}"
EndProject
Project("{FAE04EC0-301F-11D3-BF4B-00C04F79EFBC}") = "HM.DTO", "..\HM.DTO\HM.DTO.csproj", "{84B8D298-9357-4E39-90A7-B0DF8FED9CDD}"
EndProject
Project("{FAE04EC0-301F-11D3-BF4B-00C04F79EFBC}") = "HM.BUS", "..\HM.BUS\HM.BUS.csproj", "{EACF31C0-A6BB-4682-BDF8-2352BF2B5E82}"
EndProject
Project("{FAE04EC0-301F-11D3-BF4B-00C04F79EFBC}") = "HM.DAO", "..\HM.DAO\HM.DAO.csproj", "{CAE552AB-27D7-4024-AE5C-8442855BDA06}"
EndProject
Project("{FAE04EC0-301F-11D3-BF4B-00C04F79EFBC}") = "HM.Utils", "..\HM.Utils\HM.Utils.csproj", "{442F659F-922D-477B-A111-44F678A3C365}"
EndProject
Global
	GlobalSection(SolutionConfigurationPlatforms) = preSolution
		Debug|Any CPU = Debug|Any CPU
		Release|Any CPU = Release|Any CPU
	EndGlobalSection
	GlobalSection(ProjectConfigurationPlatforms) = postSolution
		{659E84A0-526A-4EF5-8BB8-5D5B3A83AE10}.Debug|Any CPU.ActiveCfg = Debug|Any CPU
		{659E84A0-526A-4EF5-8BB8-5D5B3A83AE10}.Debug|Any CPU.Build.0 = Debug|Any CPU
		{659E84A0-526A-4EF5-8BB8-5D5B3A83AE10}.Release|Any CPU.ActiveCfg = Release|Any CPU
		{659E84A0-526A-4EF5-8BB8-5D5B3A83AE10}.Release|Any CPU.Build.0 = Release|Any CPU
		{7FC35F3F-87B7-3EFC-36A8-6E23CCE435A4}.Debug|Any CPU.ActiveCfg = Debug|Any CPU
		{7FC35F3F-87B7-3EFC-36A8-6E23CCE435A4}.Debug|Any CPU.Build.0 = Debug|Any CPU
		{7FC35F3F-87B7-3EFC-36A8-6E23CCE435A4}.Release|Any CPU.ActiveCfg = Release|Any CPU
		{7FC35F3F-87B7-3EFC-36A8-6E23CCE435A4}.Release|Any CPU.Build.0 = Release|Any CPU
		{0FDDE80D-F002-33C2-8F52-28B597CDB1DC}.Debug|Any CPU.ActiveCfg = Debug|Any CPU
		{0FDDE80D-F002-33C2-8F52-28B597CDB1DC}.Debug|Any CPU.Build.0 = Debug|Any CPU
		{0FDDE80D-F002-33C2-8F52-28B597CDB1DC}.Release|Any CPU.ActiveCfg = Release|Any CPU
		{0FDDE80D-F002-33C2-8F52-28B597CDB1DC}.Release|Any CPU.Build.0 = Release|Any CPU
		{331C3F4E-8733-E400-3E1D-8EEB6AF06A19}.Debug|Any CPU.ActiveCfg = Debug|Any CPU
		{331C3F4E-8733-E400-3E1D-8EEB6AF06A19}.Debug|Any CPU.Build.0 = Debug|Any CPU
		{331C3F4E-8733-E400-3E1D-8EEB6AF06A19}.Release|Any CPU.ActiveCfg = Release|Any CPU
		{331C3F4E-8733-E400-3E1D-8EEB6AF06A19}.Release|Any CPU.Build.0 = Release|Any CPU
		{E9D8CB20-C9C2-4720-9B40-90D893BD52EC}.Debug|Any CPU.ActiveCfg = Debug|Any CPU
		{E9D8CB20-C9C2-4720-9B40-90D893BD52EC}.Debug|Any CPU.Build.0 = Debug|Any CPU
		{E9D8CB20-C9C2-4720-9B40-90D893BD52EC}.Release|Any CPU.ActiveCfg = Release|Any CPU
		{E9D8CB20-C9C2-4720-9B40-90D893BD52EC}.Release|Any CPU.Build.0 = Release|Any CPU
		{84B8D298-9357-4E39-90A7-B0DF8FED9CDD}.Debug|Any CPU.ActiveCfg = Debug|Any CPU
		{84B8D298-9357-4E39-90A7-B0DF8FED9CDD}.Debug|Any CPU.Build.0 = Debug|Any CPU
		{84B8D298-9357-4E39-90A7-B0DF8FED9CDD}.Release|Any CPU.ActiveCfg = Release|Any CPU
		{84B8D298-9357-4E39-90A7-B0DF8FED9CDD}.Release|Any CPU.Build.0 = Release|Any CPU
		{EACF31C0-A6BB-4682-BDF8-2352BF2B5E82}.Debug|Any CPU.ActiveCfg = Debug|Any CPU
		{EACF31C0-A6BB-4682-BDF8-2352BF2B5E82}.Debug|Any CPU.Build.0 = Debug|Any CPU
		{EACF31C0-A6BB-4682-BDF8-2352BF2B5E82}.Release|Any CPU.ActiveCfg = Release|Any CPU
		{EACF31C0-A6BB-4682-BDF8-2352BF2B5E82}.Release|Any CPU.Build.0 = Release|Any CPU
		{CAE552AB-27D7-4024-AE5C-8442855BDA06}.Debug|Any CPU.ActiveCfg = Debug|Any CPU
		{CAE552AB-27D7-4024-AE5C-8442855BDA06}.Debug|Any CPU.Build.0 = Debug|Any CPU
		{CAE552AB-27D7-4024-AE5C-8442855BDA06}.Release|Any CPU.ActiveCfg = Release|Any CPU
		{CAE552AB-27D7-4024-AE5C-8442855BDA06}.Release|Any CPU.Build.0 = Release|Any CPU
		{442F659F-922D-477B-A111-44F678A3C365}.Debug|Any CPU.ActiveCfg = Debug|Any CPU
		{442F659F-922D-477B-A111-44F678A3C365}.Debug|Any CPU.Build.0 = Debug|Any CPU
		{442F659F-922D-477B-A111-44F678A3C365}.Release|Any CPU.ActiveCfg = Release|Any CPU
		{442F659F-922D-477B-A111-44F678A3C365}.Release|Any CPU.Build.0 = Release|Any CPU
	EndGlobalSection
	GlobalSection(SolutionProperties) = preSolution
		HideSolutionNode = FALSE
	EndGlobalSection
	GlobalSection(ExtensibilityGlobals) = postSolution
		SolutionGuid = {C9FEFD6D-4D77-4F6D-A7E1-C991441F1DA0}
	EndGlobalSection
EndGlobal
